
Microsoft Visual Studio Solution File, Format Version 12.00
# Visual Studio 2012
Project("{FAE04EC0-301F-11D3-BF4B-00C04F79EFBC}") = "MLP_", "MLP_\MLP_.csproj", "{8C3C9D64-5C2D-47B9-9F66-536F1E3F00D0}"
EndProject
Global
	GlobalSection(SolutionConfigurationPlatforms) = preSolution
		Debug|Any CPU = Debug|Any CPU
		Release|Any CPU = Release|Any CPU
	EndGlobalSection
	GlobalSection(ProjectConfigurationPlatforms) = postSolution
		{8C3C9D64-5C2D-47B9-9F66-536F1E3F00D0}.Debug|Any CPU.ActiveCfg = Debug|Any CPU
		{8C3C9D64-5C2D-47B9-9F66-536F1E3F00D0}.Debug|Any CPU.Build.0 = Debug|Any CPU
		{8C3C9D64-5C2D-47B9-9F66-536F1E3F00D0}.Release|Any CPU.ActiveCfg = Release|Any CPU
		{8C3C9D64-5C2D-47B9-9F66-536F1E3F00D0}.Release|Any CPU.Build.0 = Release|Any CPU
	EndGlobalSection
	GlobalSection(SolutionProperties) = preSolution
		HideSolutionNode = FALSE
	EndGlobalSection
EndGlobal
